PODS:
  - JDStatusBarNotification (1.4.9)
  - Masonry (0.6.2)
  - MBProgressHUD (0.9.1)
  - RDVTabBarController (1.1.9)
  - ReactiveCocoa (2.3.1):
    - ReactiveCocoa/UI (= 2.3.1)
  - ReactiveCocoa/Core (2.3.1):
    - ReactiveCocoa/no-arc
  - ReactiveCocoa/no-arc (2.3.1)
  - ReactiveCocoa/UI (2.3.1):
    - ReactiveCocoa/Core
  - SDWebImage (3.7.3):
    - SDWebImage/Core (= 3.7.3)
  - SDWebImage/Core (3.7.3)
  - TPKeyboardAvoiding (1.2.4)
  - TTTAttributedLabel (1.13.4)

DEPENDENCIES:
  - JDStatusBarNotification (~> 1.4.9)
  - Masonry
  - MBProgressHUD (~> 0.9.1)
  - RDVTabBarController
  - ReactiveCocoa (~> 2.3.1)
  - SDWebImage
  - TPKeyboardAvoiding (= 1.2.4)
  - TTTAttributedLabel

SPEC CHECKSUMS:
  JDStatusBarNotification: 373d8fcdc8d17e59babb818271c63c9a2f030ba4
  Masonry: 362e8a1cc0beada4a4c4832d5e863da2a51533be
  MBProgressHUD: c47f2c166c126cf2ce36498d80f33e754d4e93ad
  RDVTabBarController: 67794f7a7a37f8e32f046f85ac67d06ab92d624a
  ReactiveCocoa: 334468a83b2c5f669f7cfb9a084415ee23219b4f
  SDWebImage: 1d2b1a1efda1ade1b00b6f8498865f8ddedc8a84
  TPKeyboardAvoiding: 0a40dfbb0af7c8bdae1dd457496dccfd217d85f6
  TTTAttributedLabel: 0a2ac7b2dd726d32a070dafb01446026b11e624f

COCOAPODS: 0.35.0
