// !$*UTF8*$!
{
	archiveVersion = 1;
	classes = {
	};
	objectVersion = 46;
	objects = {

/* Begin PBXBuildFile section */
		0206FEAA1B7B4505009F2AA7 /* SYBaseModel.m in Sources */ = {isa = PBXBuildFile; fileRef = 0206FEA91B7B4505009F2AA7 /* SYBaseModel.m */; };
		0206FEAD1B7B4586009F2AA7 /* SYBaseRequest.m in Sources */ = {isa = PBXBuildFile; fileRef = 0206FEAC1B7B4586009F2AA7 /* SYBaseRequest.m */; };
		0206FEB71B7B474F009F2AA7 /* SYHUDView.m in Sources */ = {isa = PBXBuildFile; fileRef = 0206FEB61B7B474F009F2AA7 /* SYHUDView.m */; };
		0206FECF1B7B4930009F2AA7 /* hub_error.png in Resources */ = {isa = PBXBuildFile; fileRef = 0206FEBA1B7B4930009F2AA7 /* hub_error.png */; };
		0206FED01B7B4930009F2AA7 /* hub_error@2x.png in Resources */ = {isa = PBXBuildFile; fileRef = 0206FEBB1B7B4930009F2AA7 /* hub_error@2x.png */; };
		0206FED11B7B4930009F2AA7 /* hub_success.png in Resources */ = {isa = PBXBuildFile; fileRef = 0206FEBC1B7B4930009F2AA7 /* hub_success.png */; };
		0206FED21B7B4930009F2AA7 /* hub_success@2x.png in Resources */ = {isa = PBXBuildFile; fileRef = 0206FEBD1B7B4930009F2AA7 /* hub_success@2x.png */; };
		0206FED31B7B4930009F2AA7 /* nav_back_icon@2x.png in Resources */ = {isa = PBXBuildFile; fileRef = 0206FEBF1B7B4930009F2AA7 /* nav_back_icon@2x.png */; };
		0206FED41B7B4930009F2AA7 /* nav_back_icon@3x.png in Resources */ = {isa = PBXBuildFile; fileRef = 0206FEC01B7B4930009F2AA7 /* nav_back_icon@3x.png */; };
		0206FEE11B7B4930009F2AA7 /* tabbar_background@3x.png in Resources */ = {isa = PBXBuildFile; fileRef = 0206FECE1B7B4930009F2AA7 /* tabbar_background@3x.png */; };
		0206FEF01B7B4B0D009F2AA7 /* SYDetailViewController.m in Sources */ = {isa = PBXBuildFile; fileRef = 0206FEE71B7B4B0D009F2AA7 /* SYDetailViewController.m */; };
		0206FEF11B7B4B0D009F2AA7 /* SYFirstViewController.m in Sources */ = {isa = PBXBuildFile; fileRef = 0206FEE91B7B4B0D009F2AA7 /* SYFirstViewController.m */; };
		0206FEF21B7B4B0D009F2AA7 /* SYSecondViewController.m in Sources */ = {isa = PBXBuildFile; fileRef = 0206FEEC1B7B4B0D009F2AA7 /* SYSecondViewController.m */; };
		0206FEF31B7B4B0D009F2AA7 /* SYThirdViewController.m in Sources */ = {isa = PBXBuildFile; fileRef = 0206FEEF1B7B4B0D009F2AA7 /* SYThirdViewController.m */; };
		C51996831B7A4F7C0007FB90 /* main.m in Sources */ = {isa = PBXBuildFile; fileRef = C51996821B7A4F7C0007FB90 /* main.m */; };
		C51996861B7A4F7C0007FB90 /* AppDelegate.m in Sources */ = {isa = PBXBuildFile; fileRef = C51996851B7A4F7C0007FB90 /* AppDelegate.m */; };
		C519968C1B7A4F7C0007FB90 /* Main.storyboard in Resources */ = {isa = PBXBuildFile; fileRef = C519968A1B7A4F7C0007FB90 /* Main.storyboard */; };
		C519968E1B7A4F7C0007FB90 /* Images.xcassets in Resources */ = {isa = PBXBuildFile; fileRef = C519968D1B7A4F7C0007FB90 /* Images.xcassets */; };
		C51996911B7A4F7D0007FB90 /* LaunchScreen.xib in Resources */ = {isa = PBXBuildFile; fileRef = C519968F1B7A4F7D0007FB90 /* LaunchScreen.xib */; };
		C519969D1B7A4F7D0007FB90 /* SYTipsDemoTests.m in Sources */ = {isa = PBXBuildFile; fileRef = C519969C1B7A4F7D0007FB90 /* SYTipsDemoTests.m */; };
		C51996AA1B7A4FF10007FB90 /* SYBaseNavigationController.m in Sources */ = {isa = PBXBuildFile; fileRef = C51996A91B7A4FF10007FB90 /* SYBaseNavigationController.m */; };
		C51996AD1B7A50050007FB90 /* SYBaseViewController.m in Sources */ = {isa = PBXBuildFile; fileRef = C51996AC1B7A50050007FB90 /* SYBaseViewController.m */; };
		C51996EF1B7A52270007FB90 /* SYRootViewController.m in Sources */ = {isa = PBXBuildFile; fileRef = C51996EE1B7A52270007FB90 /* SYRootViewController.m */; };
		C57CA33A1B823FFC002A8C87 /* SYRegisterViewController.m in Sources */ = {isa = PBXBuildFile; fileRef = C57CA3391B823FFC002A8C87 /* SYRegisterViewController.m */; };
		C57CA33D1B82404E002A8C87 /* SYLoginViewController.m in Sources */ = {isa = PBXBuildFile; fileRef = C57CA33C1B82404E002A8C87 /* SYLoginViewController.m */; };
		C57CA3401B825825002A8C87 /* SYManager.m in Sources */ = {isa = PBXBuildFile; fileRef = C57CA33F1B825825002A8C87 /* SYManager.m */; };
		C5898B680193E7B08FC6AFAB /* libPods.a in Frameworks */ = {isa = PBXBuildFile; fileRef = 1650FE1C75DEE200373E4A8D /* libPods.a */; };
/* End PBXBuildFile section */

/* Begin PBXContainerItemProxy section */
		C51996971B7A4F7D0007FB90 /* PBXContainerItemProxy */ = {
			isa = PBXContainerItemProxy;
			containerPortal = C51996751B7A4F7C0007FB90 /* Project object */;
			proxyType = 1;
			remoteGlobalIDString = C519967C1B7A4F7C0007FB90;
			remoteInfo = SYTipsDemo;
		};
/* End PBXContainerItemProxy section */

/* Begin PBXFileReference section */
		0206FEA31B7B38CF009F2AA7 /* SYTipsPrefixHeader.pch */ = {isa = PBXFileReference; fileEncoding = 4; lastKnownFileType = sourcecode.c.h; path = SYTipsPrefixHeader.pch; sourceTree = "<group>"; };
		0206FEA51B7B3E28009F2AA7 /* SYDefineHeader.h */ = {isa = PBXFileReference; fileEncoding = 4; lastKnownFileType = sourcecode.c.h; path = SYDefineHeader.h; sourceTree = "<group>"; };
		0206FEA61B7B3E3A009F2AA7 /* SYURLHeader.h */ = {isa = PBXFileReference; lastKnownFileType = sourcecode.c.h; path = SYURLHeader.h; sourceTree = "<group>"; };
		0206FEA71B7B3E4F009F2AA7 /* SYControllersHeader.h */ = {isa = PBXFileReference; lastKnownFileType = sourcecode.c.h; path = SYControllersHeader.h; sourceTree = "<group>"; };
		0206FEA81B7B4505009F2AA7 /* SYBaseModel.h */ = {isa = PBXFileReference; fileEncoding = 4; lastKnownFileType = sourcecode.c.h; path = SYBaseModel.h; sourceTree = "<group>"; };
		0206FEA91B7B4505009F2AA7 /* SYBaseModel.m */ = {isa = PBXFileReference; fileEncoding = 4; lastKnownFileType = sourcecode.c.objc; path = SYBaseModel.m; sourceTree = "<group>"; };
		0206FEAB1B7B4586009F2AA7 /* SYBaseRequest.h */ = {isa = PBXFileReference; fileEncoding = 4; lastKnownFileType = sourcecode.c.h; path = SYBaseRequest.h; sourceTree = "<group>"; };
		0206FEAC1B7B4586009F2AA7 /* SYBaseRequest.m */ = {isa = PBXFileReference; fileEncoding = 4; lastKnownFileType = sourcecode.c.objc; path = SYBaseRequest.m; sourceTree = "<group>"; };
		0206FEB51B7B474F009F2AA7 /* SYHUDView.h */ = {isa = PBXFileReference; fileEncoding = 4; lastKnownFileType = sourcecode.c.h; path = SYHUDView.h; sourceTree = "<group>"; };
		0206FEB61B7B474F009F2AA7 /* SYHUDView.m */ = {isa = PBXFileReference; fileEncoding = 4; lastKnownFileType = sourcecode.c.objc; path = SYHUDView.m; sourceTree = "<group>"; };
		0206FEBA1B7B4930009F2AA7 /* hub_error.png */ = {isa = PBXFileReference; lastKnownFileType = image.png; path = hub_error.png; sourceTree = "<group>"; };
		0206FEBB1B7B4930009F2AA7 /* hub_error@2x.png */ = {isa = PBXFileReference; lastKnownFileType = image.png; path = "hub_error@2x.png"; sourceTree = "<group>"; };
		0206FEBC1B7B4930009F2AA7 /* hub_success.png */ = {isa = PBXFileReference; lastKnownFileType = image.png; path = hub_success.png; sourceTree = "<group>"; };
		0206FEBD1B7B4930009F2AA7 /* hub_success@2x.png */ = {isa = PBXFileReference; lastKnownFileType = image.png; path = "hub_success@2x.png"; sourceTree = "<group>"; };
		0206FEBF1B7B4930009F2AA7 /* nav_back_icon@2x.png */ = {isa = PBXFileReference; lastKnownFileType = image.png; path = "nav_back_icon@2x.png"; sourceTree = "<group>"; };
		0206FEC01B7B4930009F2AA7 /* nav_back_icon@3x.png */ = {isa = PBXFileReference; lastKnownFileType = image.png; path = "nav_back_icon@3x.png"; sourceTree = "<group>"; };
		0206FECE1B7B4930009F2AA7 /* tabbar_background@3x.png */ = {isa = PBXFileReference; lastKnownFileType = image.png; path = "tabbar_background@3x.png"; sourceTree = "<group>"; };
		0206FEE61B7B4B0D009F2AA7 /* SYDetailViewController.h */ = {isa = PBXFileReference; fileEncoding = 4; lastKnownFileType = sourcecode.c.h; path = SYDetailViewController.h; sourceTree = "<group>"; };
		0206FEE71B7B4B0D009F2AA7 /* SYDetailViewController.m */ = {isa = PBXFileReference; fileEncoding = 4; lastKnownFileType = sourcecode.c.objc; path = SYDetailViewController.m; sourceTree = "<group>"; };
		0206FEE81B7B4B0D009F2AA7 /* SYFirstViewController.h */ = {isa = PBXFileReference; fileEncoding = 4; lastKnownFileType = sourcecode.c.h; path = SYFirstViewController.h; sourceTree = "<group>"; };
		0206FEE91B7B4B0D009F2AA7 /* SYFirstViewController.m */ = {isa = PBXFileReference; fileEncoding = 4; lastKnownFileType = sourcecode.c.objc; path = SYFirstViewController.m; sourceTree = "<group>"; };
		0206FEEB1B7B4B0D009F2AA7 /* SYSecondViewController.h */ = {isa = PBXFileReference; fileEncoding = 4; lastKnownFileType = sourcecode.c.h; path = SYSecondViewController.h; sourceTree = "<group>"; };
		0206FEEC1B7B4B0D009F2AA7 /* SYSecondViewController.m */ = {isa = PBXFileReference; fileEncoding = 4; lastKnownFileType = sourcecode.c.objc; path = SYSecondViewController.m; sourceTree = "<group>"; };
		0206FEEE1B7B4B0D009F2AA7 /* SYThirdViewController.h */ = {isa = PBXFileReference; fileEncoding = 4; lastKnownFileType = sourcecode.c.h; path = SYThirdViewController.h; sourceTree = "<group>"; };
		0206FEEF1B7B4B0D009F2AA7 /* SYThirdViewController.m */ = {isa = PBXFileReference; fileEncoding = 4; lastKnownFileType = sourcecode.c.objc; path = SYThirdViewController.m; sourceTree = "<group>"; };
		1650FE1C75DEE200373E4A8D /* libPods.a */ = {isa = PBXFileReference; explicitFileType = archive.ar; includeInIndex = 0; path = libPods.a; sourceTree = BUILT_PRODUCTS_DIR; };
		2B8B392C08B16688E0F61D4C /* Pods.release.xcconfig */ = {isa = PBXFileReference; includeInIndex = 1; lastKnownFileType = text.xcconfig; name = Pods.release.xcconfig; path = "Pods/Target Support Files/Pods/Pods.release.xcconfig"; sourceTree = "<group>"; };
		B95B2FDB96E1A8BA0EF25F3A /* Pods.debug.xcconfig */ = {isa = PBXFileReference; includeInIndex = 1; lastKnownFileType = text.xcconfig; name = Pods.debug.xcconfig; path = "Pods/Target Support Files/Pods/Pods.debug.xcconfig"; sourceTree = "<group>"; };
		C519967D1B7A4F7C0007FB90 /* SYTipsDemo.app */ = {isa = PBXFileReference; explicitFileType = wrapper.application; includeInIndex = 0; path = SYTipsDemo.app; sourceTree = BUILT_PRODUCTS_DIR; };
		C51996811B7A4F7C0007FB90 /* Info.plist */ = {isa = PBXFileReference; lastKnownFileType = text.plist.xml; path = Info.plist; sourceTree = "<group>"; };
		C51996821B7A4F7C0007FB90 /* main.m */ = {isa = PBXFileReference; lastKnownFileType = sourcecode.c.objc; path = main.m; sourceTree = "<group>"; };
		C51996841B7A4F7C0007FB90 /* AppDelegate.h */ = {isa = PBXFileReference; lastKnownFileType = sourcecode.c.h; path = AppDelegate.h; sourceTree = "<group>"; };
		C51996851B7A4F7C0007FB90 /* AppDelegate.m */ = {isa = PBXFileReference; lastKnownFileType = sourcecode.c.objc; path = AppDelegate.m; sourceTree = "<group>"; };
		C519968B1B7A4F7C0007FB90 /* Base */ = {isa = PBXFileReference; lastKnownFileType = file.storyboard; name = Base; path = Base.lproj/Main.storyboard; sourceTree = "<group>"; };
		C519968D1B7A4F7C0007FB90 /* Images.xcassets */ = {isa = PBXFileReference; lastKnownFileType = folder.assetcatalog; path = Images.xcassets; sourceTree = "<group>"; };
		C51996901B7A4F7D0007FB90 /* Base */ = {isa = PBXFileReference; lastKnownFileType = file.xib; name = Base; path = Base.lproj/LaunchScreen.xib; sourceTree = "<group>"; };
		C51996961B7A4F7D0007FB90 /* SYTipsDemoTests.xctest */ = {isa = PBXFileReference; explicitFileType = wrapper.cfbundle; includeInIndex = 0; path = SYTipsDemoTests.xctest; sourceTree = BUILT_PRODUCTS_DIR; };
		C519969B1B7A4F7D0007FB90 /* Info.plist */ = {isa = PBXFileReference; lastKnownFileType = text.plist.xml; path = Info.plist; sourceTree = "<group>"; };
		C519969C1B7A4F7D0007FB90 /* SYTipsDemoTests.m */ = {isa = PBXFileReference; lastKnownFileType = sourcecode.c.objc; path = SYTipsDemoTests.m; sourceTree = "<group>"; };
		C51996A81B7A4FF10007FB90 /* SYBaseNavigationController.h */ = {isa = PBXFileReference; fileEncoding = 4; lastKnownFileType = sourcecode.c.h; path = SYBaseNavigationController.h; sourceTree = "<group>"; };
		C51996A91B7A4FF10007FB90 /* SYBaseNavigationController.m */ = {isa = PBXFileReference; fileEncoding = 4; lastKnownFileType = sourcecode.c.objc; path = SYBaseNavigationController.m; sourceTree = "<group>"; };
		C51996AB1B7A50050007FB90 /* SYBaseViewController.h */ = {isa = PBXFileReference; fileEncoding = 4; lastKnownFileType = sourcecode.c.h; path = SYBaseViewController.h; sourceTree = "<group>"; };
		C51996AC1B7A50050007FB90 /* SYBaseViewController.m */ = {isa = PBXFileReference; fileEncoding = 4; lastKnownFileType = sourcecode.c.objc; path = SYBaseViewController.m; sourceTree = "<group>"; };
		C51996ED1B7A52270007FB90 /* SYRootViewController.h */ = {isa = PBXFileReference; fileEncoding = 4; lastKnownFileType = sourcecode.c.h; path = SYRootViewController.h; sourceTree = "<group>"; };
		C51996EE1B7A52270007FB90 /* SYRootViewController.m */ = {isa = PBXFileReference; fileEncoding = 4; lastKnownFileType = sourcecode.c.objc; path = SYRootViewController.m; sourceTree = "<group>"; };
		C57CA3381B823FFC002A8C87 /* SYRegisterViewController.h */ = {isa = PBXFileReference; fileEncoding = 4; lastKnownFileType = sourcecode.c.h; path = SYRegisterViewController.h; sourceTree = "<group>"; };
		C57CA3391B823FFC002A8C87 /* SYRegisterViewController.m */ = {isa = PBXFileReference; fileEncoding = 4; lastKnownFileType = sourcecode.c.objc; path = SYRegisterViewController.m; sourceTree = "<group>"; };
		C57CA33B1B82404E002A8C87 /* SYLoginViewController.h */ = {isa = PBXFileReference; fileEncoding = 4; lastKnownFileType = sourcecode.c.h; path = SYLoginViewController.h; sourceTree = "<group>"; };
		C57CA33C1B82404E002A8C87 /* SYLoginViewController.m */ = {isa = PBXFileReference; fileEncoding = 4; lastKnownFileType = sourcecode.c.objc; path = SYLoginViewController.m; sourceTree = "<group>"; };
		C57CA33E1B825825002A8C87 /* SYManager.h */ = {isa = PBXFileReference; fileEncoding = 4; lastKnownFileType = sourcecode.c.h; path = SYManager.h; sourceTree = "<group>"; };
		C57CA33F1B825825002A8C87 /* SYManager.m */ = {isa = PBXFileReference; fileEncoding = 4; lastKnownFileType = sourcecode.c.objc; path = SYManager.m; sourceTree = "<group>"; };
/* End PBXFileReference section */

/* Begin PBXFrameworksBuildPhase section */
		C519967A1B7A4F7C0007FB90 /* Frameworks */ = {
			isa = PBXFrameworksBuildPhase;
			buildActionMask = 2147483647;
			files = (
				C5898B680193E7B08FC6AFAB /* libPods.a in Frameworks */,
			);
			runOnlyForDeploymentPostprocessing = 0;
		};
		C51996931B7A4F7D0007FB90 /* Frameworks */ = {
			isa = PBXFrameworksBuildPhase;
			buildActionMask = 2147483647;
			files = (
			);
			runOnlyForDeploymentPostprocessing = 0;
		};
/* End PBXFrameworksBuildPhase section */

/* Begin PBXGroup section */
		0206FEA41B7B3E0C009F2AA7 /* Macro */ = {
			isa = PBXGroup;
			children = (
				0206FEA61B7B3E3A009F2AA7 /* SYURLHeader.h */,
				0206FEA51B7B3E28009F2AA7 /* SYDefineHeader.h */,
				0206FEA71B7B3E4F009F2AA7 /* SYControllersHeader.h */,
			);
			path = Macro;
			sourceTree = "<group>";
		};
		0206FEAE1B7B4666009F2AA7 /* Views */ = {
			isa = PBXGroup;
			children = (
				0206FEB41B7B474F009F2AA7 /* HUDView */,
			);
			path = Views;
			sourceTree = "<group>";
		};
		0206FEAF1B7B4670009F2AA7 /* Models */ = {
			isa = PBXGroup;
			children = (
			);
			path = Models;
			sourceTree = "<group>";
		};
		0206FEB41B7B474F009F2AA7 /* HUDView */ = {
			isa = PBXGroup;
			children = (
				0206FEB51B7B474F009F2AA7 /* SYHUDView.h */,
				0206FEB61B7B474F009F2AA7 /* SYHUDView.m */,
			);
			path = HUDView;
			sourceTree = "<group>";
		};
		0206FEB81B7B4930009F2AA7 /* Resource */ = {
			isa = PBXGroup;
			children = (
				0206FEB91B7B4930009F2AA7 /* HudView */,
				0206FEBE1B7B4930009F2AA7 /* nav */,
				0206FEC11B7B4930009F2AA7 /* tab_bar_icon */,
			);
			path = Resource;
			sourceTree = "<group>";
		};
		0206FEB91B7B4930009F2AA7 /* HudView */ = {
			isa = PBXGroup;
			children = (
				0206FEBA1B7B4930009F2AA7 /* hub_error.png */,
				0206FEBB1B7B4930009F2AA7 /* hub_error@2x.png */,
				0206FEBC1B7B4930009F2AA7 /* hub_success.png */,
				0206FEBD1B7B4930009F2AA7 /* hub_success@2x.png */,
			);
			path = HudView;
			sourceTree = "<group>";
		};
		0206FEBE1B7B4930009F2AA7 /* nav */ = {
			isa = PBXGroup;
			children = (
				0206FEBF1B7B4930009F2AA7 /* nav_back_icon@2x.png */,
				0206FEC01B7B4930009F2AA7 /* nav_back_icon@3x.png */,
			);
			path = nav;
			sourceTree = "<group>";
		};
		0206FEC11B7B4930009F2AA7 /* tab_bar_icon */ = {
			isa = PBXGroup;
			children = (
				0206FECE1B7B4930009F2AA7 /* tabbar_background@3x.png */,
			);
			path = tab_bar_icon;
			sourceTree = "<group>";
		};
		0206FEE51B7B4B0D009F2AA7 /* First */ = {
			isa = PBXGroup;
			children = (
				0206FEE81B7B4B0D009F2AA7 /* SYFirstViewController.h */,
				0206FEE91B7B4B0D009F2AA7 /* SYFirstViewController.m */,
				0206FEE61B7B4B0D009F2AA7 /* SYDetailViewController.h */,
				0206FEE71B7B4B0D009F2AA7 /* SYDetailViewController.m */,
			);
			path = First;
			sourceTree = "<group>";
		};
		0206FEEA1B7B4B0D009F2AA7 /* Second */ = {
			isa = PBXGroup;
			children = (
				0206FEEB1B7B4B0D009F2AA7 /* SYSecondViewController.h */,
				0206FEEC1B7B4B0D009F2AA7 /* SYSecondViewController.m */,
			);
			path = Second;
			sourceTree = "<group>";
		};
		0206FEED1B7B4B0D009F2AA7 /* Third */ = {
			isa = PBXGroup;
			children = (
				0206FEEE1B7B4B0D009F2AA7 /* SYThirdViewController.h */,
				0206FEEF1B7B4B0D009F2AA7 /* SYThirdViewController.m */,
				C57CA3381B823FFC002A8C87 /* SYRegisterViewController.h */,
				C57CA3391B823FFC002A8C87 /* SYRegisterViewController.m */,
				C57CA33B1B82404E002A8C87 /* SYLoginViewController.h */,
				C57CA33C1B82404E002A8C87 /* SYLoginViewController.m */,
			);
			path = Third;
			sourceTree = "<group>";
		};
		79D70D071AF1641AC4083EC0 /* Pods */ = {
			isa = PBXGroup;
			children = (
				B95B2FDB96E1A8BA0EF25F3A /* Pods.debug.xcconfig */,
				2B8B392C08B16688E0F61D4C /* Pods.release.xcconfig */,
			);
			name = Pods;
			sourceTree = "<group>";
		};
		BDB988257EB03296681AEBF2 /* Frameworks */ = {
			isa = PBXGroup;
			children = (
				1650FE1C75DEE200373E4A8D /* libPods.a */,
			);
			name = Frameworks;
			sourceTree = "<group>";
		};
		C51996741B7A4F7C0007FB90 = {
			isa = PBXGroup;
			children = (
				C519967F1B7A4F7C0007FB90 /* SYTipsDemo */,
				C51996991B7A4F7D0007FB90 /* SYTipsDemoTests */,
				C519967E1B7A4F7C0007FB90 /* Products */,
				79D70D071AF1641AC4083EC0 /* Pods */,
				BDB988257EB03296681AEBF2 /* Frameworks */,
			);
			sourceTree = "<group>";
		};
		C519967E1B7A4F7C0007FB90 /* Products */ = {
			isa = PBXGroup;
			children = (
				C519967D1B7A4F7C0007FB90 /* SYTipsDemo.app */,
				C51996961B7A4F7D0007FB90 /* SYTipsDemoTests.xctest */,
			);
			name = Products;
			sourceTree = "<group>";
		};
		C519967F1B7A4F7C0007FB90 /* SYTipsDemo */ = {
			isa = PBXGroup;
			children = (
				0206FEB81B7B4930009F2AA7 /* Resource */,
				C5D5A6D61B82354700A24621 /* Vendor */,
				0206FEA41B7B3E0C009F2AA7 /* Macro */,
				C51996A61B7A4FB20007FB90 /* Base */,
				0206FEAF1B7B4670009F2AA7 /* Models */,
				0206FEAE1B7B4666009F2AA7 /* Views */,
				C51996A71B7A4FC50007FB90 /* Controllers */,
				C51996841B7A4F7C0007FB90 /* AppDelegate.h */,
				C51996851B7A4F7C0007FB90 /* AppDelegate.m */,
				C51996ED1B7A52270007FB90 /* SYRootViewController.h */,
				C51996EE1B7A52270007FB90 /* SYRootViewController.m */,
				C519968A1B7A4F7C0007FB90 /* Main.storyboard */,
				C519968D1B7A4F7C0007FB90 /* Images.xcassets */,
				C519968F1B7A4F7D0007FB90 /* LaunchScreen.xib */,
				C51996801B7A4F7C0007FB90 /* Supporting Files */,
			);
			path = SYTipsDemo;
			sourceTree = "<group>";
		};
		C51996801B7A4F7C0007FB90 /* Supporting Files */ = {
			isa = PBXGroup;
			children = (
				C51996811B7A4F7C0007FB90 /* Info.plist */,
				C51996821B7A4F7C0007FB90 /* main.m */,
				0206FEA31B7B38CF009F2AA7 /* SYTipsPrefixHeader.pch */,
			);
			name = "Supporting Files";
			sourceTree = "<group>";
		};
		C51996991B7A4F7D0007FB90 /* SYTipsDemoTests */ = {
			isa = PBXGroup;
			children = (
				C519969C1B7A4F7D0007FB90 /* SYTipsDemoTests.m */,
				C519969A1B7A4F7D0007FB90 /* Supporting Files */,
			);
			path = SYTipsDemoTests;
			sourceTree = "<group>";
		};
		C519969A1B7A4F7D0007FB90 /* Supporting Files */ = {
			isa = PBXGroup;
			children = (
				C519969B1B7A4F7D0007FB90 /* Info.plist */,
			);
			name = "Supporting Files";
			sourceTree = "<group>";
		};
		C51996A61B7A4FB20007FB90 /* Base */ = {
			isa = PBXGroup;
			children = (
				C57CA33E1B825825002A8C87 /* SYManager.h */,
				C57CA33F1B825825002A8C87 /* SYManager.m */,
				0206FEA81B7B4505009F2AA7 /* SYBaseModel.h */,
				0206FEA91B7B4505009F2AA7 /* SYBaseModel.m */,
				0206FEAB1B7B4586009F2AA7 /* SYBaseRequest.h */,
				0206FEAC1B7B4586009F2AA7 /* SYBaseRequest.m */,
				C51996AB1B7A50050007FB90 /* SYBaseViewController.h */,
				C51996AC1B7A50050007FB90 /* SYBaseViewController.m */,
				C51996A81B7A4FF10007FB90 /* SYBaseNavigationController.h */,
				C51996A91B7A4FF10007FB90 /* SYBaseNavigationController.m */,
			);
			path = Base;
			sourceTree = "<group>";
		};
		C51996A71B7A4FC50007FB90 /* Controllers */ = {
			isa = PBXGroup;
			children = (
				0206FEE51B7B4B0D009F2AA7 /* First */,
				0206FEEA1B7B4B0D009F2AA7 /* Second */,
				0206FEED1B7B4B0D009F2AA7 /* Third */,
			);
			path = Controllers;
			sourceTree = "<group>";
		};
		C5D5A6D61B82354700A24621 /* Vendor */ = {
			isa = PBXGroup;
			children = (
			);
			path = Vendor;
			sourceTree = "<group>";
		};
/* End PBXGroup section */

/* Begin PBXNativeTarget section */
		C519967C1B7A4F7C0007FB90 /* SYTipsDemo */ = {
			isa = PBXNativeTarget;
			buildConfigurationList = C51996A01B7A4F7D0007FB90 /* Build configuration list for PBXNativeTarget "SYTipsDemo" */;
			buildPhases = (
				225831D996BEFB43C7E0DE0C /* Check Pods Manifest.lock */,
				C51996791B7A4F7C0007FB90 /* Sources */,
				C519967A1B7A4F7C0007FB90 /* Frameworks */,
				C519967B1B7A4F7C0007FB90 /* Resources */,
				4F19B7AF3291B29B15A21935 /* Copy Pods Resources */,
			);
			buildRules = (
			);
			dependencies = (
			);
			name = SYTipsDemo;
			productName = SYTipsDemo;
			productReference = C519967D1B7A4F7C0007FB90 /* SYTipsDemo.app */;
			productType = "com.apple.product-type.application";
		};
		C51996951B7A4F7D0007FB90 /* SYTipsDemoTests */ = {
			isa = PBXNativeTarget;
			buildConfigurationList = C51996A31B7A4F7D0007FB90 /* Build configuration list for PBXNativeTarget "SYTipsDemoTests" */;
			buildPhases = (
				C51996921B7A4F7D0007FB90 /* Sources */,
				C51996931B7A4F7D0007FB90 /* Frameworks */,
				C51996941B7A4F7D0007FB90 /* Resources */,
			);
			buildRules = (
			);
			dependencies = (
				C51996981B7A4F7D0007FB90 /* PBXTargetDependency */,
			);
			name = SYTipsDemoTests;
			productName = SYTipsDemoTests;
			productReference = C51996961B7A4F7D0007FB90 /* SYTipsDemoTests.xctest */;
			productType = "com.apple.product-type.bundle.unit-test";
		};
/* End PBXNativeTarget section */

/* Begin PBXProject section */
		C51996751B7A4F7C0007FB90 /* Project object */ = {
			isa = PBXProject;
			attributes = {
				CLASSPREFIX = SY;
				LastUpgradeCheck = 0640;
				ORGANIZATIONNAME = sauchye.com;
				TargetAttributes = {
					C519967C1B7A4F7C0007FB90 = {
						CreatedOnToolsVersion = 6.4;
					};
					C51996951B7A4F7D0007FB90 = {
						CreatedOnToolsVersion = 6.4;
						TestTargetID = C519967C1B7A4F7C0007FB90;
					};
				};
			};
			buildConfigurationList = C51996781B7A4F7C0007FB90 /* Build configuration list for PBXProject "SYTipsDemo" */;
			compatibilityVersion = "Xcode 3.2";
			developmentRegion = English;
			hasScannedForEncodings = 0;
			knownRegions = (
				en,
				Base,
			);
			mainGroup = C51996741B7A4F7C0007FB90;
			productRefGroup = C519967E1B7A4F7C0007FB90 /* Products */;
			projectDirPath = "";
			projectRoot = "";
			targets = (
				C519967C1B7A4F7C0007FB90 /* SYTipsDemo */,
				C51996951B7A4F7D0007FB90 /* SYTipsDemoTests */,
			);
		};
/* End PBXProject section */

/* Begin PBXResourcesBuildPhase section */
		C519967B1B7A4F7C0007FB90 /* Resources */ = {
			isa = PBXResourcesBuildPhase;
			buildActionMask = 2147483647;
			files = (
				0206FECF1B7B4930009F2AA7 /* hub_error.png in Resources */,
				0206FED41B7B4930009F2AA7 /* nav_back_icon@3x.png in Resources */,
				C519968C1B7A4F7C0007FB90 /* Main.storyboard in Resources */,
				C51996911B7A4F7D0007FB90 /* LaunchScreen.xib in Resources */,
				0206FED01B7B4930009F2AA7 /* hub_error@2x.png in Resources */,
				C519968E1B7A4F7C0007FB90 /* Images.xcassets in Resources */,
				0206FED11B7B4930009F2AA7 /* hub_success.png in Resources */,
				0206FED31B7B4930009F2AA7 /* nav_back_icon@2x.png in Resources */,
				0206FED21B7B4930009F2AA7 /* hub_success@2x.png in Resources */,
				0206FEE11B7B4930009F2AA7 /* tabbar_background@3x.png in Resources */,
			);
			runOnlyForDeploymentPostprocessing = 0;
		};
		C51996941B7A4F7D0007FB90 /* Resources */ = {
			isa = PBXResourcesBuildPhase;
			buildActionMask = 2147483647;
			files = (
			);
			runOnlyForDeploymentPostprocessing = 0;
		};
/* End PBXResourcesBuildPhase section */

/* Begin PBXShellScriptBuildPhase section */
		225831D996BEFB43C7E0DE0C /* Check Pods Manifest.lock */ = {
			isa = PBXShellScriptBuildPhase;
			buildActionMask = 2147483647;
			files = (
			);
			inputPaths = (
			);
			name = "Check Pods Manifest.lock";
			outputPaths = (
			);
			runOnlyForDeploymentPostprocessing = 0;
			shellPath = /bin/sh;
			shellScript = "diff \"${PODS_ROOT}/../Podfile.lock\" \"${PODS_ROOT}/Manifest.lock\" > /dev/null\nif [[ $? != 0 ]] ; then\n    cat << EOM\nerror: The sandbox is not in sync with the Podfile.lock. Run 'pod install' or update your CocoaPods installation.\nEOM\n    exit 1\nfi\n";
			showEnvVarsInLog = 0;
		};
		4F19B7AF3291B29B15A21935 /* Copy Pods Resources */ = {
			isa = PBXShellScriptBuildPhase;
			buildActionMask = 2147483647;
			files = (
			);
			inputPaths = (
			);
			name = "Copy Pods Resources";
			outputPaths = (
			);
			runOnlyForDeploymentPostprocessing = 0;
			shellPath = /bin/sh;
			shellScript = "\"${SRCROOT}/Pods/Target Support Files/Pods/Pods-resources.sh\"\n";
			showEnvVarsInLog = 0;
		};
/* End PBXShellScriptBuildPhase section */

/* Begin PBXSourcesBuildPhase section */
		C51996791B7A4F7C0007FB90 /* Sources */ = {
			isa = PBXSourcesBuildPhase;
			buildActionMask = 2147483647;
			files = (
				C57CA33D1B82404E002A8C87 /* SYLoginViewController.m in Sources */,
				0206FEAA1B7B4505009F2AA7 /* SYBaseModel.m in Sources */,
				C57CA33A1B823FFC002A8C87 /* SYRegisterViewController.m in Sources */,
				C51996861B7A4F7C0007FB90 /* AppDelegate.m in Sources */,
				C57CA3401B825825002A8C87 /* SYManager.m in Sources */,
				C51996831B7A4F7C0007FB90 /* main.m in Sources */,
				0206FEF11B7B4B0D009F2AA7 /* SYFirstViewController.m in Sources */,
				C51996AA1B7A4FF10007FB90 /* SYBaseNavigationController.m in Sources */,
				C51996AD1B7A50050007FB90 /* SYBaseViewController.m in Sources */,
				0206FEF31B7B4B0D009F2AA7 /* SYThirdViewController.m in Sources */,
				0206FEB71B7B474F009F2AA7 /* SYHUDView.m in Sources */,
				C51996EF1B7A52270007FB90 /* SYRootViewController.m in Sources */,
				0206FEAD1B7B4586009F2AA7 /* SYBaseRequest.m in Sources */,
				0206FEF01B7B4B0D009F2AA7 /* SYDetailViewController.m in Sources */,
				0206FEF21B7B4B0D009F2AA7 /* SYSecondViewController.m in Sources */,
			);
			runOnlyForDeploymentPostprocessing = 0;
		};
		C51996921B7A4F7D0007FB90 /* Sources */ = {
			isa = PBXSourcesBuildPhase;
			buildActionMask = 2147483647;
			files = (
				C519969D1B7A4F7D0007FB90 /* SYTipsDemoTests.m in Sources */,
			);
			runOnlyForDeploymentPostprocessing = 0;
		};
/* End PBXSourcesBuildPhase section */

/* Begin PBXTargetDependency section */
		C51996981B7A4F7D0007FB90 /* PBXTargetDependency */ = {
			isa = PBXTargetDependency;
			target = C519967C1B7A4F7C0007FB90 /* SYTipsDemo */;
			targetProxy = C51996971B7A4F7D0007FB90 /* PBXContainerItemProxy */;
		};
/* End PBXTargetDependency section */

/* Begin PBXVariantGroup section */
		C519968A1B7A4F7C0007FB90 /* Main.storyboard */ = {
			isa = PBXVariantGroup;
			children = (
				C519968B1B7A4F7C0007FB90 /* Base */,
			);
			name = Main.storyboard;
			sourceTree = "<group>";
		};
		C519968F1B7A4F7D0007FB90 /* LaunchScreen.xib */ = {
			isa = PBXVariantGroup;
			children = (
				C51996901B7A4F7D0007FB90 /* Base */,
			);
			name = LaunchScreen.xib;
			sourceTree = "<group>";
		};
/* End PBXVariantGroup section */

/* Begin XCBuildConfiguration section */
		C519969E1B7A4F7D0007FB90 /* Debug */ = {
			isa = XCBuildConfiguration;
			buildSettings = {
				ALWAYS_SEARCH_USER_PATHS = NO;
				CLANG_CXX_LANGUAGE_STANDARD = "gnu++0x";
				CLANG_CXX_LIBRARY = "libc++";
				CLANG_ENABLE_MODULES = YES;
				CLANG_ENABLE_OBJC_ARC = YES;
				CLANG_WARN_BOOL_CONVERSION = YES;
				CLANG_WARN_CONSTANT_CONVERSION = YES;
				CLANG_WARN_DIRECT_OBJC_ISA_USAGE = YES_ERROR;
				CLANG_WARN_EMPTY_BODY = YES;
				CLANG_WARN_ENUM_CONVERSION = YES;
				CLANG_WARN_INT_CONVERSION = YES;
				CLANG_WARN_OBJC_ROOT_CLASS = YES_ERROR;
				CLANG_WARN_UNREACHABLE_CODE = YES;
				CLANG_WARN__DUPLICATE_METHOD_MATCH = YES;
				"CODE_SIGN_IDENTITY[sdk=iphoneos*]" = "iPhone Developer";
				COPY_PHASE_STRIP = NO;
				DEBUG_INFORMATION_FORMAT = "dwarf-with-dsym";
				ENABLE_STRICT_OBJC_MSGSEND = YES;
				GCC_C_LANGUAGE_STANDARD = gnu99;
				GCC_DYNAMIC_NO_PIC = NO;
				GCC_NO_COMMON_BLOCKS = YES;
				GCC_OPTIMIZATION_LEVEL = 0;
				GCC_PREPROCESSOR_DEFINITIONS = (
					"DEBUG=1",
					"$(inherited)",
				);
				GCC_SYMBOLS_PRIVATE_EXTERN = NO;
				GCC_WARN_64_TO_32_BIT_CONVERSION = YES;
				GCC_WARN_ABOUT_RETURN_TYPE = YES_ERROR;
				GCC_WARN_UNDECLARED_SELECTOR = YES;
				GCC_WARN_UNINITIALIZED_AUTOS = YES_AGGRESSIVE;
				GCC_WARN_UNUSED_FUNCTION = YES;
				GCC_WARN_UNUSED_VARIABLE = YES;
				IPHONEOS_DEPLOYMENT_TARGET = 8.4;
				MTL_ENABLE_DEBUG_INFO = YES;
				ONLY_ACTIVE_ARCH = YES;
				SDKROOT = iphoneos;
			};
			name = Debug;
		};
		C519969F1B7A4F7D0007FB90 /* Release */ = {
			isa = XCBuildConfiguration;
			buildSettings = {
				ALWAYS_SEARCH_USER_PATHS = NO;
				CLANG_CXX_LANGUAGE_STANDARD = "gnu++0x";
				CLANG_CXX_LIBRARY = "libc++";
				CLANG_ENABLE_MODULES = YES;
				CLANG_ENABLE_OBJC_ARC = YES;
				CLANG_WARN_BOOL_CONVERSION = YES;
				CLANG_WARN_CONSTANT_CONVERSION = YES;
				CLANG_WARN_DIRECT_OBJC_ISA_USAGE = YES_ERROR;
				CLANG_WARN_EMPTY_BODY = YES;
				CLANG_WARN_ENUM_CONVERSION = YES;
				CLANG_WARN_INT_CONVERSION = YES;
				CLANG_WARN_OBJC_ROOT_CLASS = YES_ERROR;
				CLANG_WARN_UNREACHABLE_CODE = YES;
				CLANG_WARN__DUPLICATE_METHOD_MATCH = YES;
				"CODE_SIGN_IDENTITY[sdk=iphoneos*]" = "iPhone Developer";
				COPY_PHASE_STRIP = NO;
				DEBUG_INFORMATION_FORMAT = "dwarf-with-dsym";
				ENABLE_NS_ASSERTIONS = NO;
				ENABLE_STRICT_OBJC_MSGSEND = YES;
				GCC_C_LANGUAGE_STANDARD = gnu99;
				GCC_NO_COMMON_BLOCKS = YES;
				GCC_WARN_64_TO_32_BIT_CONVERSION = YES;
				GCC_WARN_ABOUT_RETURN_TYPE = YES_ERROR;
				GCC_WARN_UNDECLARED_SELECTOR = YES;
				GCC_WARN_UNINITIALIZED_AUTOS = YES_AGGRESSIVE;
				GCC_WARN_UNUSED_FUNCTION = YES;
				GCC_WARN_UNUSED_VARIABLE = YES;
				IPHONEOS_DEPLOYMENT_TARGET = 8.4;
				MTL_ENABLE_DEBUG_INFO = NO;
				SDKROOT = iphoneos;
				VALIDATE_PRODUCT = YES;
			};
			name = Release;
		};
		C51996A11B7A4F7D0007FB90 /* Debug */ = {
			isa = XCBuildConfiguration;
			baseConfigurationReference = B95B2FDB96E1A8BA0EF25F3A /* Pods.debug.xcconfig */;
			buildSettings = {
				ASSETCATALOG_COMPILER_APPICON_NAME = AppIcon;
				GCC_PREFIX_HEADER = SYTipsDemo/SYTipsPrefixHeader.pch;
				INFOPLIST_FILE = SYTipsDemo/Info.plist;
				IPHONEOS_DEPLOYMENT_TARGET = 7.0;
				LD_RUNPATH_SEARCH_PATHS = "$(inherited) @executable_path/Frameworks";
				PRODUCT_NAME = "$(TARGET_NAME)";
				WARNING_CFLAGS = (
					"-Wno-shorten-64-to-32",
					"-Wno-sizeof-array-argument",
					"-Wno-sizeof-pointer-memaccess",
				);
			};
			name = Debug;
		};
		C51996A21B7A4F7D0007FB90 /* Release */ = {
			isa = XCBuildConfiguration;
			baseConfigurationReference = 2B8B392C08B16688E0F61D4C /* Pods.release.xcconfig */;
			buildSettings = {
				ASSETCATALOG_COMPILER_APPICON_NAME = AppIcon;
				GCC_PREFIX_HEADER = SYTipsDemo/SYTipsPrefixHeader.pch;
				INFOPLIST_FILE = SYTipsDemo/Info.plist;
				IPHONEOS_DEPLOYMENT_TARGET = 7.0;
				LD_RUNPATH_SEARCH_PATHS = "$(inherited) @executable_path/Frameworks";
				PRODUCT_NAME = "$(TARGET_NAME)";
				WARNING_CFLAGS = (
					"-Wno-shorten-64-to-32",
					"-Wno-sizeof-array-argument",
					"-Wno-sizeof-pointer-memaccess",
				);
			};
			name = Release;
		};
		C51996A41B7A4F7D0007FB90 /* Debug */ = {
			isa = XCBuildConfiguration;
			buildSettings = {
				BUNDLE_LOADER = "$(TEST_HOST)";
				FRAMEWORK_SEARCH_PATHS = (
					"$(SDKROOT)/Developer/Library/Frameworks",
					"$(inherited)",
				);
				GCC_PREPROCESSOR_DEFINITIONS = (
					"DEBUG=1",
					"$(inherited)",
				);
				INFOPLIST_FILE = SYTipsDemoTests/Info.plist;
				LD_RUNPATH_SEARCH_PATHS = "$(inherited) @executable_path/Frameworks @loader_path/Frameworks";
				PRODUCT_NAME = "$(TARGET_NAME)";
				TEST_HOST = "$(BUILT_PRODUCTS_DIR)/SYTipsDemo.app/SYTipsDemo";
			};
			name = Debug;
		};
		C51996A51B7A4F7D0007FB90 /* Release */ = {
			isa = XCBuildConfiguration;
			buildSettings = {
				BUNDLE_LOADER = "$(TEST_HOST)";
				FRAMEWORK_SEARCH_PATHS = (
					"$(SDKROOT)/Developer/Library/Frameworks",
					"$(inherited)",
				);
				INFOPLIST_FILE = SYTipsDemoTests/Info.plist;
				LD_RUNPATH_SEARCH_PATHS = "$(inherited) @executable_path/Frameworks @loader_path/Frameworks";
				PRODUCT_NAME = "$(TARGET_NAME)";
				TEST_HOST = "$(BUILT_PRODUCTS_DIR)/SYTipsDemo.app/SYTipsDemo";
			};
			name = Release;
		};
/* End XCBuildConfiguration section */

/* Begin XCConfigurationList section */
		C51996781B7A4F7C0007FB90 /* Build configuration list for PBXProject "SYTipsDemo" */ = {
			isa = XCConfigurationList;
			buildConfigurations = (
				C519969E1B7A4F7D0007FB90 /* Debug */,
				C519969F1B7A4F7D0007FB90 /* Release */,
			);
			defaultConfigurationIsVisible = 0;
			defaultConfigurationName = Release;
		};
		C51996A01B7A4F7D0007FB90 /* Build configuration list for PBXNativeTarget "SYTipsDemo" */ = {
			isa = XCConfigurationList;
			buildConfigurations = (
				C51996A11B7A4F7D0007FB90 /* Debug */,
				C51996A21B7A4F7D0007FB90 /* Release */,
			);
			defaultConfigurationIsVisible = 0;
			defaultConfigurationName = Release;
		};
		C51996A31B7A4F7D0007FB90 /* Build configuration list for PBXNativeTarget "SYTipsDemoTests" */ = {
			isa = XCConfigurationList;
			buildConfigurations = (
				C51996A41B7A4F7D0007FB90 /* Debug */,
				C51996A51B7A4F7D0007FB90 /* Release */,
			);
			defaultConfigurationIsVisible = 0;
			defaultConfigurationName = Release;
		};
/* End XCConfigurationList section */
	};
	rootObject = C51996751B7A4F7C0007FB90 /* Project object */;
}
